{
  "name": "ui",
  "version": "1.0.0",
  "lockfileVersion": 1,
  "requires": true,
  "dependencies": {
    "@gfx/zopfli": {
      "version": "1.0.15",
      "resolved": "https://registry.npmjs.org/@gfx/zopfli/-/zopfli-1.0.15.tgz",
      "integrity": "sha512-7mBgpi7UD82fsff5ThQKet0uBTl4BYerQuc+/qA1ELTwWEiIedRTcD3JgiUu9wwZ2kytW8JOb165rSdAt8PfcQ==",
      "requires": {
        "base64-js": "^1.3.0"
      }
    },
    "base64-js": {
      "version": "1.3.1",
      "resolved": "https://registry.npmjs.org/base64-js/-/base64-js-1.3.1.tgz",
      "integrity": "sha512-mLQ4i2QO1ytvGWFWmcngKO//JXAQueZvwEKtjgQFM4jIK0kU+ytMfplL8j+n5mspOfjHwoAg+9yhb7BwAHm36g=="
    },
    "camel-case": {
      "version": "3.0.0",
      "resolved": "https://registry.npmjs.org/camel-case/-/camel-case-3.0.0.tgz",
      "integrity": "sha1-yjw2iKTpzzpM2nd9xNy8cTJJz3M=",
      "requires": {
        "no-case": "^2.2.0",
        "upper-case": "^1.1.1"
      }
    },
    "clean-css": {
      "version": "4.2.3",
      "resolved": "https://registry.npmjs.org/clean-css/-/clean-css-4.2.3.tgz",
      "integrity": "sha512-VcMWDN54ZN/DS+g58HYL5/n4Zrqe8vHJpGA8KdgUXFU4fuP/aHNw8eld9SyEIyabIMJX/0RaY/fplOo5hYLSFA==",
      "requires": {
        "source-map": "~0.6.0"
      }
    },
    "commander": {
      "version": "2.20.3",
      "resolved": "https://registry.npmjs.org/commander/-/commander-2.20.3.tgz",
      "integrity": "sha512-GpVkmM8vF2vQUkj2LvZmD35JxeJOLCwJ9cUkugyk2nuhbv3+mJvpLYYt+0+USMxE+oj+ey/lJEnhZw75x/OMcQ=="
    },
    "core-util-is": {
      "version": "1.0.2",
      "resolved": "https://registry.npmjs.org/core-util-is/-/core-util-is-1.0.2.tgz",
      "integrity": "sha1-tf1UIgqivFq1eqtxQMlAdUUDwac="
    },
    "cssauron": {
      "version": "1.4.0",
      "resolved": "https://registry.npmjs.org/cssauron/-/cssauron-1.4.0.tgz",
      "integrity": "sha1-pmAt/34EqDBtwNuaVR6S6LVmKtg=",
      "requires": {
        "through": "X.X.X"
      }
    },
    "duplexer2": {
      "version": "0.0.2",
      "resolved": "https://registry.npmjs.org/duplexer2/-/duplexer2-0.0.2.tgz",
      "integrity": "sha1-xhTc9n4vsUmVqRcR5aYX6KYKMds=",
      "requires": {
        "readable-stream": "~1.1.9"
      },
      "dependencies": {
        "readable-stream": {
          "version": "1.1.14",
          "resolved": "https://registry.npmjs.org/readable-stream/-/readable-stream-1.1.14.tgz",
          "integrity": "sha1-fPTFTvZI44EwhMY23SB54WbAgdk=",
          "requires": {
            "core-util-is": "~1.0.0",
            "inherits": "~2.0.1",
            "isarray": "0.0.1",
            "string_decoder": "~0.10.x"
          }
        }
      }
    },
    "he": {
      "version": "1.2.0",
      "resolved": "https://registry.npmjs.org/he/-/he-1.2.0.tgz",
      "integrity": "sha512-F/1DnUGPopORZi0ni+CvrCgHQ5FyEAHRLSApuYWMmrbSwoN2Mn/7k+Gl38gJnR7yyDZk6WLXwiGod1JOWNDKGw=="
    },
    "html-inline": {
      "version": "1.2.0",
      "resolved": "https://registry.npmjs.org/html-inline/-/html-inline-1.2.0.tgz",
      "integrity": "sha1-eFSUam9cMSK5k7gdPTfWvQYAvsE=",
      "requires": {
        "minimist": "~1.1.0",
        "through2": "~0.6.3",
        "trumpet": "~1.7.0"
      }
    },
    "html-minifier": {
      "version": "4.0.0",
      "resolved": "https://registry.npmjs.org/html-minifier/-/html-minifier-4.0.0.tgz",
      "integrity": "sha512-aoGxanpFPLg7MkIl/DDFYtb0iWz7jMFGqFhvEDZga6/4QTjneiD8I/NXL1x5aaoCp7FSIT6h/OhykDdPsbtMig==",
      "requires": {
        "camel-case": "^3.0.0",
        "clean-css": "^4.2.1",
        "commander": "^2.19.0",
        "he": "^1.2.0",
        "param-case": "^2.1.1",
        "relateurl": "^0.2.7",
        "uglify-js": "^3.5.1"
      }
    },
    "html-select": {
      "version": "2.3.24",
      "resolved": "https://registry.npmjs.org/html-select/-/html-select-2.3.24.tgz",
      "integrity": "sha1-Rq1tcS5zLPMcZznV0BEKX6vxdYU=",
      "requires": {
        "cssauron": "^1.1.0",
        "duplexer2": "~0.0.2",
        "inherits": "^2.0.1",
        "minimist": "~0.0.8",
        "readable-stream": "^1.0.27-1",
        "split": "~0.3.0",
        "stream-splicer": "^1.2.0",
        "through2": "^1.0.0"
      },
      "dependencies": {
        "minimist": {
          "version": "0.0.10",
          "resolved": "https://registry.npmjs.org/minimist/-/minimist-0.0.10.tgz",
          "integrity": "sha1-3j+YVD2/lggr5IrRoMfNqDYwHc8="
        },
        "through2": {
          "version": "1.1.1",
          "resolved": "https://registry.npmjs.org/through2/-/through2-1.1.1.tgz",
          "integrity": "sha1-CEfLxESfNAVXTb3M2buEG4OsNUU=",
          "requires": {
            "readable-stream": ">=1.1.13-1 <1.2.0-0",
            "xtend": ">=4.0.0 <4.1.0-0"
          },
          "dependencies": {
            "readable-stream": {
              "version": "1.1.14",
              "resolved": "https://registry.npmjs.org/readable-stream/-/readable-stream-1.1.14.tgz",
              "integrity": "sha1-fPTFTvZI44EwhMY23SB54WbAgdk=",
              "requires": {
                "core-util-is": "~1.0.0",
                "inherits": "~2.0.1",
                "isarray": "0.0.1",
                "string_decoder": "~0.10.x"
              }
            }
          }
        }
      }
    },
    "html-tokenize": {
      "version": "1.2.5",
      "resolved": "https://registry.npmjs.org/html-tokenize/-/html-tokenize-1.2.5.tgz",
      "integrity": "sha1-flupnstR75Buyaf83ubKMmfHiX4=",
      "requires": {
        "inherits": "~2.0.1",
        "minimist": "~0.0.8",
        "readable-stream": "~1.0.27-1",
        "through2": "~0.4.1"
      },
      "dependencies": {
        "minimist": {
          "version": "0.0.10",
          "resolved": "https://registry.npmjs.org/minimist/-/minimist-0.0.10.tgz",
          "integrity": "sha1-3j+YVD2/lggr5IrRoMfNqDYwHc8="
        },
        "through2": {
          "version": "0.4.2",
          "resolved": "https://registry.npmjs.org/through2/-/through2-0.4.2.tgz",
          "integrity": "sha1-2/WGYDEVHsg1K7bE22SiKSqEC5s=",
          "requires": {
            "readable-stream": "~1.0.17",
            "xtend": "~2.1.1"
          }
        },
        "xtend": {
          "version": "2.1.2",
          "resolved": "https://registry.npmjs.org/xtend/-/xtend-2.1.2.tgz",
          "integrity": "sha1-bv7MKk2tjmlixJAbM3znuoe10os=",
          "requires": {
            "object-keys": "~0.4.0"
          }
        }
      }
    },
    "indexof": {
      "version": "0.0.1",
      "resolved": "https://registry.npmjs.org/indexof/-/indexof-0.0.1.tgz",
      "integrity": "sha1-gtwzbSMrkGIXnQWrMpOmYFn9Q10="
    },
    "inherits": {
      "version": "2.0.4",
      "resolved": "https://registry.npmjs.org/inherits/-/inherits-2.0.4.tgz",
      "integrity": "sha512-k/vGaX4/Yla3WzyMCvTQOXYeIHvqOKtnqBduzTHpzpQZzAskKMhZ2K+EnBiSM9zGSoIFeMpXKxa4dYeZIQqewQ=="
    },
    "isarray": {
      "version": "0.0.1",
      "resolved": "https://registry.npmjs.org/isarray/-/isarray-0.0.1.tgz",
      "integrity": "sha1-ihis/Kmo9Bd+Cav8YDiTmwXR7t8="
    },
    "lower-case": {
      "version": "1.1.4",
      "resolved": "https://registry.npmjs.org/lower-case/-/lower-case-1.1.4.tgz",
      "integrity": "sha1-miyr0bno4K6ZOkv31YdcOcQujqw="
    },
    "minimist": {
      "version": "1.1.3",
      "resolved": "https://registry.npmjs.org/minimist/-/minimist-1.1.3.tgz",
      "integrity": "sha1-O+39kaktOQFvz6ocaB6Pqhoe/ag="
    },
    "no-case": {
      "version": "2.3.2",
      "resolved": "https://registry.npmjs.org/no-case/-/no-case-2.3.2.tgz",
      "integrity": "sha512-rmTZ9kz+f3rCvK2TD1Ue/oZlns7OGoIWP4fc3llxxRXlOkHKoWPPWJOfFYpITabSow43QJbRIoHQXtt10VldyQ==",
      "requires": {
        "lower-case": "^1.1.1"
      }
    },
    "object-keys": {
      "version": "0.4.0",
      "resolved": "https://registry.npmjs.org/object-keys/-/object-keys-0.4.0.tgz",
      "integrity": "sha1-KKaq50KN0sOpLz2V8hM13SBOAzY="
    },
    "param-case": {
      "version": "2.1.1",
      "resolved": "https://registry.npmjs.org/param-case/-/param-case-2.1.1.tgz",
      "integrity": "sha1-35T9jPZTHs915r75oIWPvHK+Ikc=",
      "requires": {
        "no-case": "^2.2.0"
      }
    },
    "readable-stream": {
      "version": "1.0.34",
      "resolved": "https://registry.npmjs.org/readable-stream/-/readable-stream-1.0.34.tgz",
      "integrity": "sha1-Elgg40vIQtLyqq+v5MKRbuMsFXw=",
      "requires": {
        "core-util-is": "~1.0.0",
        "inherits": "~2.0.1",
        "isarray": "0.0.1",
        "string_decoder": "~0.10.x"
      }
    },
    "readable-wrap": {
      "version": "1.0.0",
      "resolved": "https://registry.npmjs.org/readable-wrap/-/readable-wrap-1.0.0.tgz",
      "integrity": "sha1-O1ohHGMeEjA6VJkcgGwX564ga/8=",
      "requires": {
        "readable-stream": "^1.1.13-1"
      },
      "dependencies": {
        "readable-stream": {
          "version": "1.1.14",
          "resolved": "https://registry.npmjs.org/readable-stream/-/readable-stream-1.1.14.tgz",
          "integrity": "sha1-fPTFTvZI44EwhMY23SB54WbAgdk=",
          "requires": {
            "core-util-is": "~1.0.0",
            "inherits": "~2.0.1",
            "isarray": "0.0.1",
            "string_decoder": "~0.10.x"
          }
        }
      }
    },
    "relateurl": {
      "version": "0.2.7",
      "resolved": "https://registry.npmjs.org/relateurl/-/relateurl-0.2.7.tgz",
      "integrity": "sha1-VNvzd+UUQKypCkzSdGANP/LYiKk="
    },
    "source-map": {
      "version": "0.6.1",
      "resolved": "https://registry.npmjs.org/source-map/-/source-map-0.6.1.tgz",
      "integrity": "sha512-UjgapumWlbMhkBgzT7Ykc5YXUT46F0iKu8SGXq0bcwP5dz/h0Plj6enJqjz1Zbq2l5WaqYnrVbwWOWMyF3F47g=="
    },
    "split": {
      "version": "0.3.3",
      "resolved": "https://registry.npmjs.org/split/-/split-0.3.3.tgz",
      "integrity": "sha1-zQ7qXmOiEd//frDwkcQTPi0N0o8=",
      "requires": {
        "through": "2"
      }
    },
    "stream-splicer": {
      "version": "1.3.2",
      "resolved": "https://registry.npmjs.org/stream-splicer/-/stream-splicer-1.3.2.tgz",
      "integrity": "sha1-PARBvhW5v04iYnXm3IOWR0VUZmE=",
      "requires": {
        "indexof": "0.0.1",
        "inherits": "^2.0.1",
        "isarray": "~0.0.1",
        "readable-stream": "^1.1.13-1",
        "readable-wrap": "^1.0.0",
        "through2": "^1.0.0"
      },
      "dependencies": {
        "readable-stream": {
          "version": "1.1.14",
          "resolved": "https://registry.npmjs.org/readable-stream/-/readable-stream-1.1.14.tgz",
          "integrity": "sha1-fPTFTvZI44EwhMY23SB54WbAgdk=",
          "requires": {
            "core-util-is": "~1.0.0",
            "inherits": "~2.0.1",
            "isarray": "0.0.1",
            "string_decoder": "~0.10.x"
          }
        },
        "through2": {
          "version": "1.1.1",
          "resolved": "https://registry.npmjs.org/through2/-/through2-1.1.1.tgz",
          "integrity": "sha1-CEfLxESfNAVXTb3M2buEG4OsNUU=",
          "requires": {
            "readable-stream": ">=1.1.13-1 <1.2.0-0",
            "xtend": ">=4.0.0 <4.1.0-0"
          }
        }
      }
    },
    "string_decoder": {
      "version": "0.10.31",
      "resolved": "https://registry.npmjs.org/string_decoder/-/string_decoder-0.10.31.tgz",
      "integrity": "sha1-YuIDvEF2bGwoyfyEMB2rHFMQ+pQ="
    },
    "through": {
      "version": "2.3.8",
      "resolved": "https://registry.npmjs.org/through/-/through-2.3.8.tgz",
      "integrity": "sha1-DdTJ/6q8NXlgsbckEV1+Doai4fU="
    },
    "through2": {
      "version": "0.6.5",
      "resolved": "https://registry.npmjs.org/through2/-/through2-0.6.5.tgz",
      "integrity": "sha1-QaucZ7KdVyCQcUEOHXp6lozTrUg=",
      "requires": {
        "readable-stream": ">=1.0.33-1 <1.1.0-0",
        "xtend": ">=4.0.0 <4.1.0-0"
      }
    },
    "trumpet": {
      "version": "1.7.2",
      "resolved": "https://registry.npmjs.org/trumpet/-/trumpet-1.7.2.tgz",
      "integrity": "sha1-sCxp5GXRcfVeRJJL+bW90gl0yDA=",
      "requires": {
        "duplexer2": "~0.0.2",
        "html-select": "^2.3.5",
        "html-tokenize": "^1.1.1",
        "inherits": "^2.0.0",
        "readable-stream": "^1.0.27-1",
        "through2": "^1.0.0"
      },
      "dependencies": {
        "through2": {
          "version": "1.1.1",
          "resolved": "https://registry.npmjs.org/through2/-/through2-1.1.1.tgz",
          "integrity": "sha1-CEfLxESfNAVXTb3M2buEG4OsNUU=",
          "requires": {
            "readable-stream": ">=1.1.13-1 <1.2.0-0",
            "xtend": ">=4.0.0 <4.1.0-0"
          },
          "dependencies": {
            "readable-stream": {
              "version": "1.1.14",
              "resolved": "https://registry.npmjs.org/readable-stream/-/readable-stream-1.1.14.tgz",
              "integrity": "sha1-fPTFTvZI44EwhMY23SB54WbAgdk=",
              "requires": {
                "core-util-is": "~1.0.0",
                "inherits": "~2.0.1",
                "isarray": "0.0.1",
                "string_decoder": "~0.10.x"
              }
            }
          }
        }
      }
    },
    "uglify-js": {
      "version": "3.10.0",
      "resolved": "https://registry.npmjs.org/uglify-js/-/uglify-js-3.10.0.tgz",
      "integrity": "sha512-Esj5HG5WAyrLIdYU74Z3JdG2PxdIusvj6IWHMtlyESxc7kcDz7zYlYjpnSokn1UbpV0d/QX9fan7gkCNd/9BQA=="
    },
    "upper-case": {
      "version": "1.1.3",
      "resolved": "https://registry.npmjs.org/upper-case/-/upper-case-1.1.3.tgz",
      "integrity": "sha1-9rRQHC7EzdJrp4vnIilh3ndiFZg="
    },
    "xtend": {
      "version": "4.0.2",
      "resolved": "https://registry.npmjs.org/xtend/-/xtend-4.0.2.tgz",
      "integrity": "sha512-LKYU1iAXJXUgAXn9URjiu+MWhyUXHsvfp7mcuYm9dSUKK0/CjtrUwFAxD82/mCWbtLsGjFIad0wIsod4zrTAEQ=="
    }
  }
}
